<?xml version="1.0" encoding="utf-8"?>
<Project ToolsVersion="4.0" xmlns="http://schemas.microsoft.com/developer/msbuild/2003">
  <ItemGroup>
    <Filter Include="Phanes">
      <UniqueIdentifier>{A4BD0CCA-905F-37A0-791A-4BF4655BBEF0}</UniqueIdentifier>
    </Filter>
    <Filter Include="Phanes\Events">
      <UniqueIdentifier>{08295844-74E9-D37A-3D24-1DF8A9A31857}</UniqueIdentifier>
    </Filter>
    <Filter Include="Platforms">
      <UniqueIdentifier>{DDACA145-4917-56BC-9255-0762FEFE3311}</UniqueIdentifier>
    </Filter>
    <Filter Include="Platforms\Windows">
      <UniqueIdentifier>{17E40808-83FA-069E-CC71-92BF38C7D725}</UniqueIdentifier>
    </Filter>
  </ItemGroup>
  <ItemGroup>
    <ClInclude Include="src\Phanes.h" />
    <ClInclude Include="src\Phanes\Application.h">
      <Filter>Phanes</Filter>
    </ClInclude>
    <ClInclude Include="src\Phanes\Core.h">
      <Filter>Phanes</Filter>
    </ClInclude>
    <ClInclude Include="src\Phanes\Entry.h">
      <Filter>Phanes</Filter>
    </ClInclude>
    <ClInclude Include="src\Phanes\Events\AppEvents.h">
      <Filter>Phanes\Events</Filter>
    </ClInclude>
    <ClInclude Include="src\Phanes\Events\Events.h">
      <Filter>Phanes\Events</Filter>
    </ClInclude>
    <ClInclude Include="src\Phanes\Events\KeyEvents.h">
      <Filter>Phanes\Events</Filter>
    </ClInclude>
    <ClInclude Include="src\Phanes\Events\MouseEvents.h">
      <Filter>Phanes\Events</Filter>
    </ClInclude>
    <ClInclude Include="src\Phanes\Log.h">
      <Filter>Phanes</Filter>
    </ClInclude>
    <ClInclude Include="src\Phanes\Window.h">
      <Filter>Phanes</Filter>
    </ClInclude>
    <ClInclude Include="src\Platforms\Windows\WindowsWindow.h">
      <Filter>Platforms\Windows</Filter>
    </ClInclude>
    <ClInclude Include="src\pnpch.h" />
  </ItemGroup>
  <ItemGroup>
    <ClCompile Include="src\Phanes\Application.cpp">
      <Filter>Phanes</Filter>
    </ClCompile>
    <ClCompile Include="src\Phanes\Log.cpp">
      <Filter>Phanes</Filter>
    </ClCompile>
    <ClCompile Include="src\Platforms\Windows\WindowsWindow.cpp">
      <Filter>Platforms\Windows</Filter>
    </ClCompile>
    <ClCompile Include="src\pnpch.cpp" />
  </ItemGroup>
</Project>